{
  "pins" : [
    {
      "identity" : "apple-sdk",
      "kind" : "remoteSourceControl",
      "location" : "https://github.com/Origon/apple-sdk",
      "state" : {
        "revision" : "80654502768b36592cb9ef085f582a1d07e9125e",
        "version" : "0.3.1"
      }
    },
    {
      "identity" : "swiftsoup",
      "kind" : "remoteSourceControl",
      "location" : "https://github.com/scinfu/SwiftSoup",
      "state" : {
        "revision" : "8d6ad267714cac3ae747cefdd21f7a6665006e1f",
        "version" : "2.13.7"
      }
    }
  ],
  "version" : 2
}
